// !$*UTF8*$!
{
	archiveVersion = 1;
	classes = {
	};
	objectVersion = 56;
	objects = {

/* Begin PBXBuildFile section */
		8E4805B229AD565200F8C024 /* DetailView.swift in Sources */ = {isa = PBXBuildFile; fileRef = 8E4805B129AD565200F8C024 /* DetailView.swift */; };
		8E4805B429AD5A8D00F8C024 /* NewProductView.swift in Sources */ = {isa = PBXBuildFile; fileRef = 8E4805B329AD5A8D00F8C024 /* NewProductView.swift */; };
		8E4805B629AD60EF00F8C024 /* ConfirmarView.swift in Sources */ = {isa = PBXBuildFile; fileRef = 8E4805B529AD60EF00F8C024 /* ConfirmarView.swift */; };
		8E4C201329A3FDAE00CC4872 /* brinderApp.swift in Sources */ = {isa = PBXBuildFile; fileRef = 8E4C201229A3FDAE00CC4872 /* brinderApp.swift */; };
		8E4C201529A3FDAE00CC4872 /* ContentView.swift in Sources */ = {isa = PBXBuildFile; fileRef = 8E4C201429A3FDAE00CC4872 /* ContentView.swift */; };
		8E4C201729A3FDB300CC4872 /* Assets.xcassets in Resources */ = {isa = PBXBuildFile; fileRef = 8E4C201629A3FDB300CC4872 /* Assets.xcassets */; };
		8E4C201A29A3FDB300CC4872 /* Preview Assets.xcassets in Resources */ = {isa = PBXBuildFile; fileRef = 8E4C201929A3FDB300CC4872 /* Preview Assets.xcassets */; };
		8E4C202129A40A0000CC4872 /* FontView.swift in Sources */ = {isa = PBXBuildFile; fileRef = 8E4C202029A40A0000CC4872 /* FontView.swift */; };
		8E4C202329A40A9F00CC4872 /* Starjedi.ttf in Resources */ = {isa = PBXBuildFile; fileRef = 8E4C202229A40A9F00CC4872 /* Starjedi.ttf */; };
		8E902D7829A685A4001121ED /* PrincipalView.swift in Sources */ = {isa = PBXBuildFile; fileRef = 8E902D7729A685A4001121ED /* PrincipalView.swift */; };
/* End PBXBuildFile section */

/* Begin PBXFileReference section */
		8E4805B129AD565200F8C024 /* DetailView.swift */ = {isa = PBXFileReference; lastKnownFileType = sourcecode.swift; path = DetailView.swift; sourceTree = "<group>"; };
		8E4805B329AD5A8D00F8C024 /* NewProductView.swift */ = {isa = PBXFileReference; lastKnownFileType = sourcecode.swift; path = NewProductView.swift; sourceTree = "<group>"; };
		8E4805B529AD60EF00F8C024 /* ConfirmarView.swift */ = {isa = PBXFileReference; lastKnownFileType = sourcecode.swift; path = ConfirmarView.swift; sourceTree = "<group>"; };
		8E4C200F29A3FDAE00CC4872 /* brinder.app */ = {isa = PBXFileReference; explicitFileType = wrapper.application; includeInIndex = 0; path = brinder.app; sourceTree = BUILT_PRODUCTS_DIR; };
		8E4C201229A3FDAE00CC4872 /* brinderApp.swift */ = {isa = PBXFileReference; lastKnownFileType = sourcecode.swift; path = brinderApp.swift; sourceTree = "<group>"; };
		8E4C201429A3FDAE00CC4872 /* ContentView.swift */ = {isa = PBXFileReference; lastKnownFileType = sourcecode.swift; path = ContentView.swift; sourceTree = "<group>"; };
		8E4C201629A3FDB300CC4872 /* Assets.xcassets */ = {isa = PBXFileReference; lastKnownFileType = folder.assetcatalog; path = Assets.xcassets; sourceTree = "<group>"; };
		8E4C201929A3FDB300CC4872 /* Preview Assets.xcassets */ = {isa = PBXFileReference; lastKnownFileType = folder.assetcatalog; path = "Preview Assets.xcassets"; sourceTree = "<group>"; };
		8E4C202029A40A0000CC4872 /* FontView.swift */ = {isa = PBXFileReference; lastKnownFileType = sourcecode.swift; path = FontView.swift; sourceTree = "<group>"; };
		8E4C202229A40A9F00CC4872 /* Starjedi.ttf */ = {isa = PBXFileReference; lastKnownFileType = file; path = Starjedi.ttf; sourceTree = "<group>"; };
		8E4C202429A40AE700CC4872 /* Info.plist */ = {isa = PBXFileReference; lastKnownFileType = text.plist; path = Info.plist; sourceTree = "<group>"; };
		8E902D7729A685A4001121ED /* PrincipalView.swift */ = {isa = PBXFileReference; lastKnownFileType = sourcecode.swift; path = PrincipalView.swift; sourceTree = "<group>"; };
/* End PBXFileReference section */

/* Begin PBXFrameworksBuildPhase section */
		8E4C200C29A3FDAE00CC4872 /* Frameworks */ = {
			isa = PBXFrameworksBuildPhase;
			buildActionMask = 2147483647;
			files = (
			);
			runOnlyForDeploymentPostprocessing = 0;
		};
/* End PBXFrameworksBuildPhase section */

/* Begin PBXGroup section */
		8E4C200629A3FDAE00CC4872 = {
			isa = PBXGroup;
			children = (
				8E4C201129A3FDAE00CC4872 /* brinder */,
				8E4C201029A3FDAE00CC4872 /* Products */,
			);
			sourceTree = "<group>";
		};
		8E4C201029A3FDAE00CC4872 /* Products */ = {
			isa = PBXGroup;
			children = (
				8E4C200F29A3FDAE00CC4872 /* brinder.app */,
			);
			name = Products;
			sourceTree = "<group>";
		};
		8E4C201129A3FDAE00CC4872 /* brinder */ = {
			isa = PBXGroup;
			children = (
				8E4C202429A40AE700CC4872 /* Info.plist */,
				8E4C201229A3FDAE00CC4872 /* brinderApp.swift */,
				8E4C202029A40A0000CC4872 /* FontView.swift */,
				8E4C201429A3FDAE00CC4872 /* ContentView.swift */,
				8E902D7729A685A4001121ED /* PrincipalView.swift */,
				8E4805B129AD565200F8C024 /* DetailView.swift */,
				8E4805B329AD5A8D00F8C024 /* NewProductView.swift */,
				8E4805B529AD60EF00F8C024 /* ConfirmarView.swift */,
				8E4C202229A40A9F00CC4872 /* Starjedi.ttf */,
				8E4C201629A3FDB300CC4872 /* Assets.xcassets */,
				8E4C201829A3FDB300CC4872 /* Preview Content */,
			);
			path = brinder;
			sourceTree = "<group>";
		};
		8E4C201829A3FDB300CC4872 /* Preview Content */ = {
			isa = PBXGroup;
			children = (
				8E4C201929A3FDB300CC4872 /* Preview Assets.xcassets */,
			);
			path = "Preview Content";
			sourceTree = "<group>";
		};
/* End PBXGroup section */

/* Begin PBXNativeTarget section */
		8E4C200E29A3FDAE00CC4872 /* brinder */ = {
			isa = PBXNativeTarget;
			buildConfigurationList = 8E4C201D29A3FDB300CC4872 /* Build configuration list for PBXNativeTarget "brinder" */;
			buildPhases = (
				8E4C200B29A3FDAE00CC4872 /* Sources */,
				8E4C200C29A3FDAE00CC4872 /* Frameworks */,
				8E4C200D29A3FDAE00CC4872 /* Resources */,
			);
			buildRules = (
			);
			dependencies = (
			);
			name = brinder;
			productName = brinder;
			productReference = 8E4C200F29A3FDAE00CC4872 /* brinder.app */;
			productType = "com.apple.product-type.application";
		};
/* End PBXNativeTarget section */

/* Begin PBXProject section */
		8E4C200729A3FDAE00CC4872 /* Project object */ = {
			isa = PBXProject;
			attributes = {
				BuildIndependentTargetsInParallel = 1;
				LastSwiftUpdateCheck = 1410;
				LastUpgradeCheck = 1410;
				TargetAttributes = {
					8E4C200E29A3FDAE00CC4872 = {
						CreatedOnToolsVersion = 14.1;
					};
				};
			};
			buildConfigurationList = 8E4C200A29A3FDAE00CC4872 /* Build configuration list for PBXProject "brinder" */;
			compatibilityVersion = "Xcode 14.0";
			developmentRegion = en;
			hasScannedForEncodings = 0;
			knownRegions = (
				en,
				Base,
			);
			mainGroup = 8E4C200629A3FDAE00CC4872;
			productRefGroup = 8E4C201029A3FDAE00CC4872 /* Products */;
			projectDirPath = "";
			projectRoot = "";
			targets = (
				8E4C200E29A3FDAE00CC4872 /* brinder */,
			);
		};
/* End PBXProject section */

/* Begin PBXResourcesBuildPhase section */
		8E4C200D29A3FDAE00CC4872 /* Resources */ = {
			isa = PBXResourcesBuildPhase;
			buildActionMask = 2147483647;
			files = (
				8E4C201A29A3FDB300CC4872 /* Preview Assets.xcassets in Resources */,
				8E4C202329A40A9F00CC4872 /* Starjedi.ttf in Resources */,
				8E4C201729A3FDB300CC4872 /* Assets.xcassets in Resources */,
			);
			runOnlyForDeploymentPostprocessing = 0;
		};
/* End PBXResourcesBuildPhase section */

/* Begin PBXSourcesBuildPhase section */
		8E4C200B29A3FDAE00CC4872 /* Sources */ = {
			isa = PBXSourcesBuildPhase;
			buildActionMask = 2147483647;
			files = (
				8E4C201529A3FDAE00CC4872 /* ContentView.swift in Sources */,
				8E4C201329A3FDAE00CC4872 /* brinderApp.swift in Sources */,
				8E4C202129A40A0000CC4872 /* FontView.swift in Sources */,
				8E4805B229AD565200F8C024 /* DetailView.swift in Sources */,
				8E902D7829A685A4001121ED /* PrincipalView.swift in Sources */,
				8E4805B429AD5A8D00F8C024 /* NewProductView.swift in Sources */,
				8E4805B629AD60EF00F8C024 /* ConfirmarView.swift in Sources */,
			);
			runOnlyForDeploymentPostprocessing = 0;
		};
/* End PBXSourcesBuildPhase section */

/* Begin XCBuildConfiguration section */
		8E4C201B29A3FDB300CC4872 /* Debug */ = {
			isa = XCBuildConfiguration;
			buildSettings = {
				ALWAYS_SEARCH_USER_PATHS = NO;
				CLANG_ANALYZER_NONNULL = YES;
				CLANG_ANALYZER_NUMBER_OBJECT_CONVERSION = YES_AGGRESSIVE;
				CLANG_CXX_LANGUAGE_STANDARD = "gnu++20";
				CLANG_ENABLE_MODULES = YES;
				CLANG_ENABLE_OBJC_ARC = YES;
				CLANG_ENABLE_OBJC_WEAK = YES;
				CLANG_WARN_BLOCK_CAPTURE_AUTORELEASING = YES;
				CLANG_WARN_BOOL_CONVERSION = YES;
				CLANG_WARN_COMMA = YES;
				CLANG_WARN_CONSTANT_CONVERSION = YES;
				CLANG_WARN_DEPRECATED_OBJC_IMPLEMENTATIONS = YES;
				CLANG_WARN_DIRECT_OBJC_ISA_USAGE = YES_ERROR;
				CLANG_WARN_DOCUMENTATION_COMMENTS = YES;
				CLANG_WARN_EMPTY_BODY = YES;
				CLANG_WARN_ENUM_CONVERSION = YES;
				CLANG_WARN_INFINITE_RECURSION = YES;
				CLANG_WARN_INT_CONVERSION = YES;
				CLANG_WARN_NON_LITERAL_NULL_CONVERSION = YES;
				CLANG_WARN_OBJC_IMPLICIT_RETAIN_SELF = YES;
				CLANG_WARN_OBJC_LITERAL_CONVERSION = YES;
				CLANG_WARN_OBJC_ROOT_CLASS = YES_ERROR;
				CLANG_WARN_QUOTED_INCLUDE_IN_FRAMEWORK_HEADER = YES;
				CLANG_WARN_RANGE_LOOP_ANALYSIS = YES;
				CLANG_WARN_STRICT_PROTOTYPES = YES;
				CLANG_WARN_SUSPICIOUS_MOVE = YES;
				CLANG_WARN_UNGUARDED_AVAILABILITY = YES_AGGRESSIVE;
				CLANG_WARN_UNREACHABLE_CODE = YES;
				CLANG_WARN__DUPLICATE_METHOD_MATCH = YES;
				COPY_PHASE_STRIP = NO;
				DEBUG_INFORMATION_FORMAT = dwarf;
				ENABLE_STRICT_OBJC_MSGSEND = YES;
				ENABLE_TESTABILITY = YES;
				GCC_C_LANGUAGE_STANDARD = gnu11;
				GCC_DYNAMIC_NO_PIC = NO;
				GCC_NO_COMMON_BLOCKS = YES;
				GCC_OPTIMIZATION_LEVEL = 0;
				GCC_PREPROCESSOR_DEFINITIONS = (
					"DEBUG=1",
					"$(inherited)",
				);
				GCC_WARN_64_TO_32_BIT_CONVERSION = YES;
				GCC_WARN_ABOUT_RETURN_TYPE = YES_ERROR;
				GCC_WARN_UNDECLARED_SELECTOR = YES;
				GCC_WARN_UNINITIALIZED_AUTOS = YES_AGGRESSIVE;
				GCC_WARN_UNUSED_FUNCTION = YES;
				GCC_WARN_UNUSED_VARIABLE = YES;
				IPHONEOS_DEPLOYMENT_TARGET = 16.1;
				MTL_ENABLE_DEBUG_INFO = INCLUDE_SOURCE;
				MTL_FAST_MATH = YES;
				ONLY_ACTIVE_ARCH = YES;
				SDKROOT = iphoneos;
				SWIFT_ACTIVE_COMPILATION_CONDITIONS = DEBUG;
				SWIFT_OPTIMIZATION_LEVEL = "-Onone";
			};
			name = Debug;
		};
		8E4C201C29A3FDB300CC4872 /* Release */ = {
			isa = XCBuildConfiguration;
			buildSettings = {
				ALWAYS_SEARCH_USER_PATHS = NO;
				CLANG_ANALYZER_NONNULL = YES;
				CLANG_ANALYZER_NUMBER_OBJECT_CONVERSION = YES_AGGRESSIVE;
				CLANG_CXX_LANGUAGE_STANDARD = "gnu++20";
				CLANG_ENABLE_MODULES = YES;
				CLANG_ENABLE_OBJC_ARC = YES;
				CLANG_ENABLE_OBJC_WEAK = YES;
				CLANG_WARN_BLOCK_CAPTURE_AUTORELEASING = YES;
				CLANG_WARN_BOOL_CONVERSION = YES;
				CLANG_WARN_COMMA = YES;
				CLANG_WARN_CONSTANT_CONVERSION = YES;
				CLANG_WARN_DEPRECATED_OBJC_IMPLEMENTATIONS = YES;
				CLANG_WARN_DIRECT_OBJC_ISA_USAGE = YES_ERROR;
				CLANG_WARN_DOCUMENTATION_COMMENTS = YES;
				CLANG_WARN_EMPTY_BODY = YES;
				CLANG_WARN_ENUM_CONVERSION = YES;
				CLANG_WARN_INFINITE_RECURSION = YES;
				CLANG_WARN_INT_CONVERSION = YES;
				CLANG_WARN_NON_LITERAL_NULL_CONVERSION = YES;
				CLANG_WARN_OBJC_IMPLICIT_RETAIN_SELF = YES;
				CLANG_WARN_OBJC_LITERAL_CONVERSION = YES;
				CLANG_WARN_OBJC_ROOT_CLASS = YES_ERROR;
				CLANG_WARN_QUOTED_INCLUDE_IN_FRAMEWORK_HEADER = YES;
				CLANG_WARN_RANGE_LOOP_ANALYSIS = YES;
				CLANG_WARN_STRICT_PROTOTYPES = YES;
				CLANG_WARN_SUSPICIOUS_MOVE = YES;
				CLANG_WARN_UNGUARDED_AVAILABILITY = YES_AGGRESSIVE;
				CLANG_WARN_UNREACHABLE_CODE = YES;
				CLANG_WARN__DUPLICATE_METHOD_MATCH = YES;
				COPY_PHASE_STRIP = NO;
				DEBUG_INFORMATION_FORMAT = "dwarf-with-dsym";
				ENABLE_NS_ASSERTIONS = NO;
				ENABLE_STRICT_OBJC_MSGSEND = YES;
				GCC_C_LANGUAGE_STANDARD = gnu11;
				GCC_NO_COMMON_BLOCKS = YES;
				GCC_WARN_64_TO_32_BIT_CONVERSION = YES;
				GCC_WARN_ABOUT_RETURN_TYPE = YES_ERROR;
				GCC_WARN_UNDECLARED_SELECTOR = YES;
				GCC_WARN_UNINITIALIZED_AUTOS = YES_AGGRESSIVE;
				GCC_WARN_UNUSED_FUNCTION = YES;
				GCC_WARN_UNUSED_VARIABLE = YES;
				IPHONEOS_DEPLOYMENT_TARGET = 16.1;
				MTL_ENABLE_DEBUG_INFO = NO;
				MTL_FAST_MATH = YES;
				SDKROOT = iphoneos;
				SWIFT_COMPILATION_MODE = wholemodule;
				SWIFT_OPTIMIZATION_LEVEL = "-O";
				VALIDATE_PRODUCT = YES;
			};
			name = Release;
		};
		8E4C201E29A3FDB300CC4872 /* Debug */ = {
			isa = XCBuildConfiguration;
			buildSettings = {
				ASSETCATALOG_COMPILER_APPICON_NAME = AppIcon;
				ASSETCATALOG_COMPILER_GLOBAL_ACCENT_COLOR_NAME = AccentColor;
				CODE_SIGN_STYLE = Automatic;
				CURRENT_PROJECT_VERSION = 1;
				DEVELOPMENT_ASSET_PATHS = "\"brinder/Preview Content\"";
				ENABLE_PREVIEWS = YES;
				GENERATE_INFOPLIST_FILE = YES;
				INFOPLIST_FILE = brinder/Info.plist;
				INFOPLIST_KEY_UIApplicationSceneManifest_Generation = YES;
				INFOPLIST_KEY_UIApplicationSupportsIndirectInputEvents = YES;
				INFOPLIST_KEY_UILaunchScreen_Generation = YES;
				INFOPLIST_KEY_UISupportedInterfaceOrientations_iPad = "UIInterfaceOrientationPortrait UIInterfaceOrientationPortraitUpsideDown UIInterfaceOrientationLandscapeLeft UIInterfaceOrientationLandscapeRight";
				INFOPLIST_KEY_UISupportedInterfaceOrientations_iPhone = "UIInterfaceOrientationPortrait UIInterfaceOrientationLandscapeLeft UIInterfaceOrientationLandscapeRight";
				LD_RUNPATH_SEARCH_PATHS = (
					"$(inherited)",
					"@executable_path/Frameworks",
				);
				MARKETING_VERSION = 1.0;
				PRODUCT_BUNDLE_IDENTIFIER = acatlan.unam.mx.brinder;
				PRODUCT_NAME = "$(TARGET_NAME)";
				SWIFT_EMIT_LOC_STRINGS = YES;
				SWIFT_VERSION = 5.0;
				TARGETED_DEVICE_FAMILY = "1,2";
			};
			name = Debug;
		};
		8E4C201F29A3FDB300CC4872 /* Release */ = {
			isa = XCBuildConfiguration;
			buildSettings = {
				ASSETCATALOG_COMPILER_APPICON_NAME = AppIcon;
				ASSETCATALOG_COMPILER_GLOBAL_ACCENT_COLOR_NAME = AccentColor;
				CODE_SIGN_STYLE = Automatic;
				CURRENT_PROJECT_VERSION = 1;
				DEVELOPMENT_ASSET_PATHS = "\"brinder/Preview Content\"";
				ENABLE_PREVIEWS = YES;
				GENERATE_INFOPLIST_FILE = YES;
				INFOPLIST_FILE = brinder/Info.plist;
				INFOPLIST_KEY_UIApplicationSceneManifest_Generation = YES;
				INFOPLIST_KEY_UIApplicationSupportsIndirectInputEvents = YES;
				INFOPLIST_KEY_UILaunchScreen_Generation = YES;
				INFOPLIST_KEY_UISupportedInterfaceOrientations_iPad = "UIInterfaceOrientationPortrait UIInterfaceOrientationPortraitUpsideDown UIInterfaceOrientationLandscapeLeft UIInterfaceOrientationLandscapeRight";
				INFOPLIST_KEY_UISupportedInterfaceOrientations_iPhone = "UIInterfaceOrientationPortrait UIInterfaceOrientationLandscapeLeft UIInterfaceOrientationLandscapeRight";
				LD_RUNPATH_SEARCH_PATHS = (
					"$(inherited)",
					"@executable_path/Frameworks",
				);
				MARKETING_VERSION = 1.0;
				PRODUCT_BUNDLE_IDENTIFIER = acatlan.unam.mx.brinder;
				PRODUCT_NAME = "$(TARGET_NAME)";
				SWIFT_EMIT_LOC_STRINGS = YES;
				SWIFT_VERSION = 5.0;
				TARGETED_DEVICE_FAMILY = "1,2";
			};
			name = Release;
		};
/* End XCBuildConfiguration section */

/* Begin XCConfigurationList section */
		8E4C200A29A3FDAE00CC4872 /* Build configuration list for PBXProject "brinder" */ = {
			isa = XCConfigurationList;
			buildConfigurations = (
				8E4C201B29A3FDB300CC4872 /* Debug */,
				8E4C201C29A3FDB300CC4872 /* Release */,
			);
			defaultConfigurationIsVisible = 0;
			defaultConfigurationName = Release;
		};
		8E4C201D29A3FDB300CC4872 /* Build configuration list for PBXNativeTarget "brinder" */ = {
			isa = XCConfigurationList;
			buildConfigurations = (
				8E4C201E29A3FDB300CC4872 /* Debug */,
				8E4C201F29A3FDB300CC4872 /* Release */,
			);
			defaultConfigurationIsVisible = 0;
			defaultConfigurationName = Release;
		};
/* End XCConfigurationList section */
	};
	rootObject = 8E4C200729A3FDAE00CC4872 /* Project object */;
}
